// !$*UTF8*$!
{
	archiveVersion = 1;
	classes = {
	};
	objectVersion = 46;
	objects = {

/* Begin PBXBuildFile section */
		6578B7341A5BE1FE008D85D6 /* LaunchScreen.xib in Resources */ = {isa = PBXBuildFile; fileRef = 65D6FBA81A03855700CF1DB7 /* LaunchScreen.xib */; };
		659D34AB1AD7A2B800FEFABC /* CollectionViewController.swift in Sources */ = {isa = PBXBuildFile; fileRef = 659D34AA1AD7A2B800FEFABC /* CollectionViewController.swift */; };
		65AB21F71A5BE3C1007E6D40 /* Main.storyboard in Resources */ = {isa = PBXBuildFile; fileRef = 65D6FBA31A03855700CF1DB7 /* Main.storyboard */; };
		65D6FBA01A03855700CF1DB7 /* AppDelegate.swift in Sources */ = {isa = PBXBuildFile; fileRef = 65D6FB9F1A03855700CF1DB7 /* AppDelegate.swift */; };
		65D6FBA71A03855700CF1DB7 /* Images.xcassets in Resources */ = {isa = PBXBuildFile; fileRef = 65D6FBA61A03855700CF1DB7 /* Images.xcassets */; };
		65D6FBC21A03859500CF1DB7 /* MultipleViewController.swift in Sources */ = {isa = PBXBuildFile; fileRef = 65D6FBBF1A03859400CF1DB7 /* MultipleViewController.swift */; };
		65D6FBC31A03859500CF1DB7 /* RootViewController.swift in Sources */ = {isa = PBXBuildFile; fileRef = 65D6FBC01A03859500CF1DB7 /* RootViewController.swift */; };
		65D6FBC41A03859500CF1DB7 /* SimpleViewController.swift in Sources */ = {isa = PBXBuildFile; fileRef = 65D6FBC11A03859500CF1DB7 /* SimpleViewController.swift */; };
		65D6FBC61A03859E00CF1DB7 /* black.jpg in Resources */ = {isa = PBXBuildFile; fileRef = 65D6FBC51A03859E00CF1DB7 /* black.jpg */; };
		A125B14D1A5F620B00250601 /* ImageLoader.framework in Frameworks */ = {isa = PBXBuildFile; fileRef = A125B14C1A5F620B00250601 /* ImageLoader.framework */; };
		A1EE65CA1A41F93B00BEA147 /* SuspendSampleViewController.swift in Sources */ = {isa = PBXBuildFile; fileRef = A1EE65C91A41F93B00BEA147 /* SuspendSampleViewController.swift */; };
		A1EE65CC1A41F9DF00BEA147 /* Utils.swift in Sources */ = {isa = PBXBuildFile; fileRef = A1EE65CB1A41F9DF00BEA147 /* Utils.swift */; };
/* End PBXBuildFile section */

/* Begin PBXFileReference section */
		659D34AA1AD7A2B800FEFABC /* CollectionViewController.swift */ = {isa = PBXFileReference; fileEncoding = 4; lastKnownFileType = sourcecode.swift; path = CollectionViewController.swift; sourceTree = "<group>"; };
		65D6FB9A1A03855700CF1DB7 /* ImageLoaderExample.app */ = {isa = PBXFileReference; explicitFileType = wrapper.application; includeInIndex = 0; path = ImageLoaderExample.app; sourceTree = BUILT_PRODUCTS_DIR; };
		65D6FB9E1A03855700CF1DB7 /* Info.plist */ = {isa = PBXFileReference; lastKnownFileType = text.plist.xml; path = Info.plist; sourceTree = "<group>"; };
		65D6FB9F1A03855700CF1DB7 /* AppDelegate.swift */ = {isa = PBXFileReference; lastKnownFileType = sourcecode.swift; path = AppDelegate.swift; sourceTree = "<group>"; };
		65D6FBA41A03855700CF1DB7 /* Base */ = {isa = PBXFileReference; lastKnownFileType = file.storyboard; name = Base; path = Base.lproj/Main.storyboard; sourceTree = "<group>"; };
		65D6FBA61A03855700CF1DB7 /* Images.xcassets */ = {isa = PBXFileReference; lastKnownFileType = folder.assetcatalog; path = Images.xcassets; sourceTree = "<group>"; };
		65D6FBA91A03855700CF1DB7 /* Base */ = {isa = PBXFileReference; lastKnownFileType = file.xib; name = Base; path = Base.lproj/LaunchScreen.xib; sourceTree = "<group>"; };
		65D6FBBF1A03859400CF1DB7 /* MultipleViewController.swift */ = {isa = PBXFileReference; fileEncoding = 4; lastKnownFileType = sourcecode.swift; path = MultipleViewController.swift; sourceTree = "<group>"; };
		65D6FBC01A03859500CF1DB7 /* RootViewController.swift */ = {isa = PBXFileReference; fileEncoding = 4; lastKnownFileType = sourcecode.swift; path = RootViewController.swift; sourceTree = "<group>"; };
		65D6FBC11A03859500CF1DB7 /* SimpleViewController.swift */ = {isa = PBXFileReference; fileEncoding = 4; lastKnownFileType = sourcecode.swift; path = SimpleViewController.swift; sourceTree = "<group>"; };
		65D6FBC51A03859E00CF1DB7 /* black.jpg */ = {isa = PBXFileReference; lastKnownFileType = image.jpeg; path = black.jpg; sourceTree = "<group>"; };
		A125B14C1A5F620B00250601 /* ImageLoader.framework */ = {isa = PBXFileReference; lastKnownFileType = wrapper.framework; name = ImageLoader.framework; path = "build/Release-iphoneos/ImageLoader.framework"; sourceTree = "<group>"; };
		A1EE65C91A41F93B00BEA147 /* SuspendSampleViewController.swift */ = {isa = PBXFileReference; fileEncoding = 4; lastKnownFileType = sourcecode.swift; path = SuspendSampleViewController.swift; sourceTree = "<group>"; };
		A1EE65CB1A41F9DF00BEA147 /* Utils.swift */ = {isa = PBXFileReference; fileEncoding = 4; lastKnownFileType = sourcecode.swift; path = Utils.swift; sourceTree = "<group>"; };
/* End PBXFileReference section */

/* Begin PBXFrameworksBuildPhase section */
		65D6FB971A03855700CF1DB7 /* Frameworks */ = {
			isa = PBXFrameworksBuildPhase;
			buildActionMask = 2147483647;
			files = (
				A125B14D1A5F620B00250601 /* ImageLoader.framework in Frameworks */,
			);
			runOnlyForDeploymentPostprocessing = 0;
		};
/* End PBXFrameworksBuildPhase section */

/* Begin PBXGroup section */
		65D6FB911A03855700CF1DB7 = {
			isa = PBXGroup;
			children = (
				A125B14C1A5F620B00250601 /* ImageLoader.framework */,
				65D6FB9C1A03855700CF1DB7 /* ImageLoaderExample */,
				65D6FB9B1A03855700CF1DB7 /* Products */,
			);
			sourceTree = "<group>";
		};
		65D6FB9B1A03855700CF1DB7 /* Products */ = {
			isa = PBXGroup;
			children = (
				65D6FB9A1A03855700CF1DB7 /* ImageLoaderExample.app */,
			);
			name = Products;
			sourceTree = "<group>";
		};
		65D6FB9C1A03855700CF1DB7 /* ImageLoaderExample */ = {
			isa = PBXGroup;
			children = (
				65D6FB9F1A03855700CF1DB7 /* AppDelegate.swift */,
				65D6FBA31A03855700CF1DB7 /* Main.storyboard */,
				65D6FBC01A03859500CF1DB7 /* RootViewController.swift */,
				65D6FBC11A03859500CF1DB7 /* SimpleViewController.swift */,
				65D6FBBF1A03859400CF1DB7 /* MultipleViewController.swift */,
				A1EE65C91A41F93B00BEA147 /* SuspendSampleViewController.swift */,
				659D34AA1AD7A2B800FEFABC /* CollectionViewController.swift */,
				A1EE65CB1A41F9DF00BEA147 /* Utils.swift */,
				65D6FBC51A03859E00CF1DB7 /* black.jpg */,
				65D6FBA61A03855700CF1DB7 /* Images.xcassets */,
				65D6FBA81A03855700CF1DB7 /* LaunchScreen.xib */,
				65D6FB9D1A03855700CF1DB7 /* Supporting Files */,
			);
			path = ImageLoaderExample;
			sourceTree = "<group>";
		};
		65D6FB9D1A03855700CF1DB7 /* Supporting Files */ = {
			isa = PBXGroup;
			children = (
				65D6FB9E1A03855700CF1DB7 /* Info.plist */,
			);
			name = "Supporting Files";
			sourceTree = "<group>";
		};
/* End PBXGroup section */

/* Begin PBXNativeTarget section */
		65D6FB991A03855700CF1DB7 /* ImageLoaderExample */ = {
			isa = PBXNativeTarget;
			buildConfigurationList = 65D6FBB91A03855800CF1DB7 /* Build configuration list for PBXNativeTarget "ImageLoaderExample" */;
			buildPhases = (
				65D6FB961A03855700CF1DB7 /* Sources */,
				65D6FB971A03855700CF1DB7 /* Frameworks */,
				65D6FB981A03855700CF1DB7 /* Resources */,
			);
			buildRules = (
			);
			dependencies = (
			);
			name = ImageLoaderExample;
			productName = ImageLoaderExample;
			productReference = 65D6FB9A1A03855700CF1DB7 /* ImageLoaderExample.app */;
			productType = "com.apple.product-type.application";
		};
/* End PBXNativeTarget section */

/* Begin PBXProject section */
		65D6FB921A03855700CF1DB7 /* Project object */ = {
			isa = PBXProject;
			attributes = {
				LastUpgradeCheck = 0610;
				ORGANIZATIONNAME = "Hirohisa Kawasaki";
				TargetAttributes = {
					65D6FB991A03855700CF1DB7 = {
						CreatedOnToolsVersion = 6.1;
					};
				};
			};
			buildConfigurationList = 65D6FB951A03855700CF1DB7 /* Build configuration list for PBXProject "ImageLoaderExample" */;
			compatibilityVersion = "Xcode 3.2";
			developmentRegion = English;
			hasScannedForEncodings = 0;
			knownRegions = (
				en,
				Base,
			);
			mainGroup = 65D6FB911A03855700CF1DB7;
			productRefGroup = 65D6FB9B1A03855700CF1DB7 /* Products */;
			projectDirPath = "";
			projectRoot = "";
			targets = (
				65D6FB991A03855700CF1DB7 /* ImageLoaderExample */,
			);
		};
/* End PBXProject section */

/* Begin PBXResourcesBuildPhase section */
		65D6FB981A03855700CF1DB7 /* Resources */ = {
			isa = PBXResourcesBuildPhase;
			buildActionMask = 2147483647;
			files = (
				65AB21F71A5BE3C1007E6D40 /* Main.storyboard in Resources */,
				65D6FBC61A03859E00CF1DB7 /* black.jpg in Resources */,
				65D6FBA71A03855700CF1DB7 /* Images.xcassets in Resources */,
				6578B7341A5BE1FE008D85D6 /* LaunchScreen.xib in Resources */,
			);
			runOnlyForDeploymentPostprocessing = 0;
		};
/* End PBXResourcesBuildPhase section */

/* Begin PBXSourcesBuildPhase section */
		65D6FB961A03855700CF1DB7 /* Sources */ = {
			isa = PBXSourcesBuildPhase;
			buildActionMask = 2147483647;
			files = (
				A1EE65CC1A41F9DF00BEA147 /* Utils.swift in Sources */,
				A1EE65CA1A41F93B00BEA147 /* SuspendSampleViewController.swift in Sources */,
				65D6FBC21A03859500CF1DB7 /* MultipleViewController.swift in Sources */,
				65D6FBA01A03855700CF1DB7 /* AppDelegate.swift in Sources */,
				659D34AB1AD7A2B800FEFABC /* CollectionViewController.swift in Sources */,
				65D6FBC41A03859500CF1DB7 /* SimpleViewController.swift in Sources */,
				65D6FBC31A03859500CF1DB7 /* RootViewController.swift in Sources */,
			);
			runOnlyForDeploymentPostprocessing = 0;
		};
/* End PBXSourcesBuildPhase section */

/* Begin PBXVariantGroup section */
		65D6FBA31A03855700CF1DB7 /* Main.storyboard */ = {
			isa = PBXVariantGroup;
			children = (
				65D6FBA41A03855700CF1DB7 /* Base */,
			);
			name = Main.storyboard;
			sourceTree = "<group>";
		};
		65D6FBA81A03855700CF1DB7 /* LaunchScreen.xib */ = {
			isa = PBXVariantGroup;
			children = (
				65D6FBA91A03855700CF1DB7 /* Base */,
			);
			name = LaunchScreen.xib;
			sourceTree = "<group>";
		};
/* End PBXVariantGroup section */

/* Begin XCBuildConfiguration section */
		65D6FBB71A03855800CF1DB7 /* Debug */ = {
			isa = XCBuildConfiguration;
			buildSettings = {
				ALWAYS_SEARCH_USER_PATHS = NO;
				CLANG_CXX_LANGUAGE_STANDARD = "gnu++0x";
				CLANG_CXX_LIBRARY = "libc++";
				CLANG_ENABLE_MODULES = YES;
				CLANG_ENABLE_OBJC_ARC = YES;
				CLANG_WARN_BOOL_CONVERSION = YES;
				CLANG_WARN_CONSTANT_CONVERSION = YES;
				CLANG_WARN_DIRECT_OBJC_ISA_USAGE = YES_ERROR;
				CLANG_WARN_EMPTY_BODY = YES;
				CLANG_WARN_ENUM_CONVERSION = YES;
				CLANG_WARN_INT_CONVERSION = YES;
				CLANG_WARN_OBJC_ROOT_CLASS = YES_ERROR;
				CLANG_WARN_UNREACHABLE_CODE = YES;
				CLANG_WARN__DUPLICATE_METHOD_MATCH = YES;
				"CODE_SIGN_IDENTITY[sdk=iphoneos*]" = "iPhone Developer";
				COPY_PHASE_STRIP = NO;
				ENABLE_STRICT_OBJC_MSGSEND = YES;
				GCC_C_LANGUAGE_STANDARD = gnu99;
				GCC_DYNAMIC_NO_PIC = NO;
				GCC_OPTIMIZATION_LEVEL = 0;
				GCC_PREPROCESSOR_DEFINITIONS = (
					"DEBUG=1",
					"$(inherited)",
				);
				GCC_SYMBOLS_PRIVATE_EXTERN = NO;
				GCC_WARN_64_TO_32_BIT_CONVERSION = YES;
				GCC_WARN_ABOUT_RETURN_TYPE = YES_ERROR;
				GCC_WARN_UNDECLARED_SELECTOR = YES;
				GCC_WARN_UNINITIALIZED_AUTOS = YES_AGGRESSIVE;
				GCC_WARN_UNUSED_FUNCTION = YES;
				GCC_WARN_UNUSED_VARIABLE = YES;
				IPHONEOS_DEPLOYMENT_TARGET = 8.0;
				MTL_ENABLE_DEBUG_INFO = YES;
				ONLY_ACTIVE_ARCH = YES;
				SDKROOT = iphoneos;
				SWIFT_OPTIMIZATION_LEVEL = "-Onone";
				TARGETED_DEVICE_FAMILY = "1,2";
			};
			name = Debug;
		};
		65D6FBB81A03855800CF1DB7 /* Release */ = {
			isa = XCBuildConfiguration;
			buildSettings = {
				ALWAYS_SEARCH_USER_PATHS = NO;
				CLANG_CXX_LANGUAGE_STANDARD = "gnu++0x";
				CLANG_CXX_LIBRARY = "libc++";
				CLANG_ENABLE_MODULES = YES;
				CLANG_ENABLE_OBJC_ARC = YES;
				CLANG_WARN_BOOL_CONVERSION = YES;
				CLANG_WARN_CONSTANT_CONVERSION = YES;
				CLANG_WARN_DIRECT_OBJC_ISA_USAGE = YES_ERROR;
				CLANG_WARN_EMPTY_BODY = YES;
				CLANG_WARN_ENUM_CONVERSION = YES;
				CLANG_WARN_INT_CONVERSION = YES;
				CLANG_WARN_OBJC_ROOT_CLASS = YES_ERROR;
				CLANG_WARN_UNREACHABLE_CODE = YES;
				CLANG_WARN__DUPLICATE_METHOD_MATCH = YES;
				"CODE_SIGN_IDENTITY[sdk=iphoneos*]" = "iPhone Developer";
				COPY_PHASE_STRIP = YES;
				ENABLE_NS_ASSERTIONS = NO;
				ENABLE_STRICT_OBJC_MSGSEND = YES;
				GCC_C_LANGUAGE_STANDARD = gnu99;
				GCC_WARN_64_TO_32_BIT_CONVERSION = YES;
				GCC_WARN_ABOUT_RETURN_TYPE = YES_ERROR;
				GCC_WARN_UNDECLARED_SELECTOR = YES;
				GCC_WARN_UNINITIALIZED_AUTOS = YES_AGGRESSIVE;
				GCC_WARN_UNUSED_FUNCTION = YES;
				GCC_WARN_UNUSED_VARIABLE = YES;
				IPHONEOS_DEPLOYMENT_TARGET = 8.0;
				MTL_ENABLE_DEBUG_INFO = NO;
				SDKROOT = iphoneos;
				TARGETED_DEVICE_FAMILY = "1,2";
				VALIDATE_PRODUCT = YES;
			};
			name = Release;
		};
		65D6FBBA1A03855800CF1DB7 /* Debug */ = {
			isa = XCBuildConfiguration;
			buildSettings = {
				ASSETCATALOG_COMPILER_APPICON_NAME = AppIcon;
				FRAMEWORK_SEARCH_PATHS = "$(inherited)";
				INFOPLIST_FILE = ImageLoaderExample/Info.plist;
				LD_RUNPATH_SEARCH_PATHS = "$(inherited) @executable_path/Frameworks";
				PRODUCT_NAME = "$(TARGET_NAME)";
			};
			name = Debug;
		};
		65D6FBBB1A03855800CF1DB7 /* Release */ = {
			isa = XCBuildConfiguration;
			buildSettings = {
				ASSETCATALOG_COMPILER_APPICON_NAME = AppIcon;
				FRAMEWORK_SEARCH_PATHS = "$(inherited)";
				INFOPLIST_FILE = ImageLoaderExample/Info.plist;
				LD_RUNPATH_SEARCH_PATHS = "$(inherited) @executable_path/Frameworks";
				PRODUCT_NAME = "$(TARGET_NAME)";
			};
			name = Release;
		};
/* End XCBuildConfiguration section */

/* Begin XCConfigurationList section */
		65D6FB951A03855700CF1DB7 /* Build configuration list for PBXProject "ImageLoaderExample" */ = {
			isa = XCConfigurationList;
			buildConfigurations = (
				65D6FBB71A03855800CF1DB7 /* Debug */,
				65D6FBB81A03855800CF1DB7 /* Release */,
			);
			defaultConfigurationIsVisible = 0;
			defaultConfigurationName = Release;
		};
		65D6FBB91A03855800CF1DB7 /* Build configuration list for PBXNativeTarget "ImageLoaderExample" */ = {
			isa = XCConfigurationList;
			buildConfigurations = (
				65D6FBBA1A03855800CF1DB7 /* Debug */,
				65D6FBBB1A03855800CF1DB7 /* Release */,
			);
			defaultConfigurationIsVisible = 0;
			defaultConfigurationName = Release;
		};
/* End XCConfigurationList section */
	};
	rootObject = 65D6FB921A03855700CF1DB7 /* Project object */;
}
